
Microsoft Visual Studio Solution File, Format Version 12.00
# Visual Studio Version 17
VisualStudioVersion = 17.3.32901.215
MinimumVisualStudioVersion = 10.0.40219.1
Project("{2150E333-8FDC-42A3-9474-1A3956D46DE8}") = "1. Infrastructure", "1. Infrastructure", "{D32E7BAC-7528-475D-A091-7FE82404126B}"
EndProject
Project("{2150E333-8FDC-42A3-9474-1A3956D46DE8}") = "2. Application", "2. Application", "{43281621-88FF-431B-8972-5E6FF0A17E06}"
EndProject
Project("{2150E333-8FDC-42A3-9474-1A3956D46DE8}") = "3. Interface", "3. Interface", "{01BCDDC0-A575-46E3-8637-CA4F52E6B225}"
EndProject
Project("{9A19103F-16F7-4668-BE54-9A1E7A4F7556}") = "Utilities", "Utilities\Utilities.csproj", "{C716DF52-B334-47E7-95E9-530B7A3A7063}"
EndProject
Project("{9A19103F-16F7-4668-BE54-9A1E7A4F7556}") = "ViewModels", "ViewModels\ViewModels.csproj", "{3D8B9F71-AA14-47B2-B011-92038C102360}"
EndProject
Project("{9A19103F-16F7-4668-BE54-9A1E7A4F7556}") = "Application", "Application\Application.csproj", "{B993FF47-A67D-4630-BF77-8817332B7120}"
EndProject
Project("{9A19103F-16F7-4668-BE54-9A1E7A4F7556}") = "Data", "Data\Data.csproj", "{278CA869-8372-4054-9EF1-10DDB074546E}"
EndProject
Project("{9A19103F-16F7-4668-BE54-9A1E7A4F7556}") = "WebAPI", "WebAPI\WebAPI.csproj", "{86475EBE-47F4-4295-A54A-ACAAFAD8CD30}"
EndProject
Project("{9A19103F-16F7-4668-BE54-9A1E7A4F7556}") = "WebAPP", "WebAPP\WebAPP.csproj", "{C4EFFABC-17C7-402B-A6C8-A09F56907046}"
EndProject
Global
	GlobalSection(SolutionConfigurationPlatforms) = preSolution
		Debug|Any CPU = Debug|Any CPU
		Release|Any CPU = Release|Any CPU
	EndGlobalSection
	GlobalSection(ProjectConfigurationPlatforms) = postSolution
		{C716DF52-B334-47E7-95E9-530B7A3A7063}.Debug|Any CPU.ActiveCfg = Debug|Any CPU
		{C716DF52-B334-47E7-95E9-530B7A3A7063}.Debug|Any CPU.Build.0 = Debug|Any CPU
		{C716DF52-B334-47E7-95E9-530B7A3A7063}.Release|Any CPU.ActiveCfg = Release|Any CPU
		{C716DF52-B334-47E7-95E9-530B7A3A7063}.Release|Any CPU.Build.0 = Release|Any CPU
		{3D8B9F71-AA14-47B2-B011-92038C102360}.Debug|Any CPU.ActiveCfg = Debug|Any CPU
		{3D8B9F71-AA14-47B2-B011-92038C102360}.Debug|Any CPU.Build.0 = Debug|Any CPU
		{3D8B9F71-AA14-47B2-B011-92038C102360}.Release|Any CPU.ActiveCfg = Release|Any CPU
		{3D8B9F71-AA14-47B2-B011-92038C102360}.Release|Any CPU.Build.0 = Release|Any CPU
		{B993FF47-A67D-4630-BF77-8817332B7120}.Debug|Any CPU.ActiveCfg = Debug|Any CPU
		{B993FF47-A67D-4630-BF77-8817332B7120}.Debug|Any CPU.Build.0 = Debug|Any CPU
		{B993FF47-A67D-4630-BF77-8817332B7120}.Release|Any CPU.ActiveCfg = Release|Any CPU
		{B993FF47-A67D-4630-BF77-8817332B7120}.Release|Any CPU.Build.0 = Release|Any CPU
		{278CA869-8372-4054-9EF1-10DDB074546E}.Debug|Any CPU.ActiveCfg = Debug|Any CPU
		{278CA869-8372-4054-9EF1-10DDB074546E}.Debug|Any CPU.Build.0 = Debug|Any CPU
		{278CA869-8372-4054-9EF1-10DDB074546E}.Release|Any CPU.ActiveCfg = Release|Any CPU
		{278CA869-8372-4054-9EF1-10DDB074546E}.Release|Any CPU.Build.0 = Release|Any CPU
		{86475EBE-47F4-4295-A54A-ACAAFAD8CD30}.Debug|Any CPU.ActiveCfg = Debug|Any CPU
		{86475EBE-47F4-4295-A54A-ACAAFAD8CD30}.Debug|Any CPU.Build.0 = Debug|Any CPU
		{86475EBE-47F4-4295-A54A-ACAAFAD8CD30}.Release|Any CPU.ActiveCfg = Release|Any CPU
		{86475EBE-47F4-4295-A54A-ACAAFAD8CD30}.Release|Any CPU.Build.0 = Release|Any CPU
		{C4EFFABC-17C7-402B-A6C8-A09F56907046}.Debug|Any CPU.ActiveCfg = Debug|Any CPU
		{C4EFFABC-17C7-402B-A6C8-A09F56907046}.Debug|Any CPU.Build.0 = Debug|Any CPU
		{C4EFFABC-17C7-402B-A6C8-A09F56907046}.Release|Any CPU.ActiveCfg = Release|Any CPU
		{C4EFFABC-17C7-402B-A6C8-A09F56907046}.Release|Any CPU.Build.0 = Release|Any CPU
	EndGlobalSection
	GlobalSection(SolutionProperties) = preSolution
		HideSolutionNode = FALSE
	EndGlobalSection
	GlobalSection(NestedProjects) = preSolution
		{C716DF52-B334-47E7-95E9-530B7A3A7063} = {D32E7BAC-7528-475D-A091-7FE82404126B}
		{3D8B9F71-AA14-47B2-B011-92038C102360} = {D32E7BAC-7528-475D-A091-7FE82404126B}
		{B993FF47-A67D-4630-BF77-8817332B7120} = {43281621-88FF-431B-8972-5E6FF0A17E06}
		{278CA869-8372-4054-9EF1-10DDB074546E} = {43281621-88FF-431B-8972-5E6FF0A17E06}
		{86475EBE-47F4-4295-A54A-ACAAFAD8CD30} = {01BCDDC0-A575-46E3-8637-CA4F52E6B225}
		{C4EFFABC-17C7-402B-A6C8-A09F56907046} = {01BCDDC0-A575-46E3-8637-CA4F52E6B225}
	EndGlobalSection
	GlobalSection(ExtensibilityGlobals) = postSolution
		SolutionGuid = {DBE087D1-5A51-42FE-A0AB-FFC63E4FAD12}
	EndGlobalSection
EndGlobal
